
Microsoft Visual Studio Solution File, Format Version 12.00
# Visual Studio Version 17
VisualStudioVersion = 17.9.34622.214
MinimumVisualStudioVersion = 10.0.40219.1
Project("{2150E333-8FDC-42A3-9474-1A3956D46DE8}") = "Client", "Client", "{1784C954-413A-4ECD-BFA4-3BD88F7D1A82}"
EndProject
Project("{2150E333-8FDC-42A3-9474-1A3956D46DE8}") = "Core", "Core", "{F950E8F0-6624-4215-BBFC-AFB98BFEE4BD}"
EndProject
Project("{2150E333-8FDC-42A3-9474-1A3956D46DE8}") = "Infrastructure", "Infrastructure", "{77BEE55B-D0D8-4653-8935-1B92AB1DEB95}"
EndProject
Project("{2150E333-8FDC-42A3-9474-1A3956D46DE8}") = "Services", "Services", "{4762AF40-31F8-4793-B1CC-1A55049925FE}"
EndProject
Project("{2150E333-8FDC-42A3-9474-1A3956D46DE8}") = "Shared", "Shared", "{EC8DC94A-308F-4C8E-BD25-C4497271BBC5}"
EndProject
Project("{2150E333-8FDC-42A3-9474-1A3956D46DE8}") = "Test", "Test", "{B5189D35-DBE9-469F-9FAB-5607EB948851}"
EndProject
Project("{9A19103F-16F7-4668-BE54-9A1E7A4F7556}") = "DWShop.Service.Api", "DWShop.Service.Api\DWShop.Service.Api.csproj", "{42FD23CF-9FB7-46CB-A9B5-2C8C0C41209A}"
EndProject
Project("{9A19103F-16F7-4668-BE54-9A1E7A4F7556}") = "DWShop.Domain", "DwShop.Domain\DWShop.Domain.csproj", "{65EAD7B6-C234-46F1-A570-7EA88EFC72E1}"
EndProject
Project("{9A19103F-16F7-4668-BE54-9A1E7A4F7556}") = "DWShop.Application", "DWShop.Application\DWShop.Application.csproj", "{3F338B66-8219-4AF2-A6C9-8978E10E5E90}"
EndProject
Project("{9A19103F-16F7-4668-BE54-9A1E7A4F7556}") = "DWShop.Infrastructure", "DWShop.Infrastructure\DWShop.Infrastructure.csproj", "{1228B27E-A626-4332-877A-EA445258C82E}"
EndProject
Project("{2150E333-8FDC-42A3-9474-1A3956D46DE8}") = "Bonus", "Bonus", "{D35DF494-9E5B-44E5-89D0-F03D40FD6642}"
EndProject
Project("{9A19103F-16F7-4668-BE54-9A1E7A4F7556}") = "TaskAsync", "TaskAsync\TaskAsync.csproj", "{7C192B1A-FE51-42F7-9C6B-A73BFEAE344F}"
EndProject
Project("{9A19103F-16F7-4668-BE54-9A1E7A4F7556}") = "FuncActionAndTuple", "FuncActionAndTuple\FuncActionAndTuple.csproj", "{A0FE7DE3-9598-4A9F-950A-03FBF68BBB83}"
EndProject
Project("{9A19103F-16F7-4668-BE54-9A1E7A4F7556}") = "OnlySpans", "OnlySpans\OnlySpans.csproj", "{2518731F-4260-480B-8D56-0CAAFD877FF5}"
EndProject
Project("{9A19103F-16F7-4668-BE54-9A1E7A4F7556}") = "DWShop.Shared", "DWShop.Shared\DWShop.Shared.csproj", "{33CD5F8F-4125-4040-AC1E-A1F4E604871A}"
EndProject
Project("{FAE04EC0-301F-11D3-BF4B-00C04F79EFBC}") = "DWShop.Test", "DWShop.Test\DWShop.Test.csproj", "{3FCC21A6-BBA0-4585-B9E7-1619012E1CC9}"
EndProject
Global
	GlobalSection(SolutionConfigurationPlatforms) = preSolution
		Debug|Any CPU = Debug|Any CPU
		Release|Any CPU = Release|Any CPU
	EndGlobalSection
	GlobalSection(ProjectConfigurationPlatforms) = postSolution
		{42FD23CF-9FB7-46CB-A9B5-2C8C0C41209A}.Debug|Any CPU.ActiveCfg = Debug|Any CPU
		{42FD23CF-9FB7-46CB-A9B5-2C8C0C41209A}.Debug|Any CPU.Build.0 = Debug|Any CPU
		{42FD23CF-9FB7-46CB-A9B5-2C8C0C41209A}.Release|Any CPU.ActiveCfg = Release|Any CPU
		{42FD23CF-9FB7-46CB-A9B5-2C8C0C41209A}.Release|Any CPU.Build.0 = Release|Any CPU
		{65EAD7B6-C234-46F1-A570-7EA88EFC72E1}.Debug|Any CPU.ActiveCfg = Debug|Any CPU
		{65EAD7B6-C234-46F1-A570-7EA88EFC72E1}.Debug|Any CPU.Build.0 = Debug|Any CPU
		{65EAD7B6-C234-46F1-A570-7EA88EFC72E1}.Release|Any CPU.ActiveCfg = Release|Any CPU
		{65EAD7B6-C234-46F1-A570-7EA88EFC72E1}.Release|Any CPU.Build.0 = Release|Any CPU
		{3F338B66-8219-4AF2-A6C9-8978E10E5E90}.Debug|Any CPU.ActiveCfg = Debug|Any CPU
		{3F338B66-8219-4AF2-A6C9-8978E10E5E90}.Debug|Any CPU.Build.0 = Debug|Any CPU
		{3F338B66-8219-4AF2-A6C9-8978E10E5E90}.Release|Any CPU.ActiveCfg = Release|Any CPU
		{3F338B66-8219-4AF2-A6C9-8978E10E5E90}.Release|Any CPU.Build.0 = Release|Any CPU
		{1228B27E-A626-4332-877A-EA445258C82E}.Debug|Any CPU.ActiveCfg = Debug|Any CPU
		{1228B27E-A626-4332-877A-EA445258C82E}.Debug|Any CPU.Build.0 = Debug|Any CPU
		{1228B27E-A626-4332-877A-EA445258C82E}.Release|Any CPU.ActiveCfg = Release|Any CPU
		{1228B27E-A626-4332-877A-EA445258C82E}.Release|Any CPU.Build.0 = Release|Any CPU
		{7C192B1A-FE51-42F7-9C6B-A73BFEAE344F}.Debug|Any CPU.ActiveCfg = Debug|Any CPU
		{7C192B1A-FE51-42F7-9C6B-A73BFEAE344F}.Debug|Any CPU.Build.0 = Debug|Any CPU
		{7C192B1A-FE51-42F7-9C6B-A73BFEAE344F}.Release|Any CPU.ActiveCfg = Release|Any CPU
		{7C192B1A-FE51-42F7-9C6B-A73BFEAE344F}.Release|Any CPU.Build.0 = Release|Any CPU
		{A0FE7DE3-9598-4A9F-950A-03FBF68BBB83}.Debug|Any CPU.ActiveCfg = Debug|Any CPU
		{A0FE7DE3-9598-4A9F-950A-03FBF68BBB83}.Debug|Any CPU.Build.0 = Debug|Any CPU
		{A0FE7DE3-9598-4A9F-950A-03FBF68BBB83}.Release|Any CPU.ActiveCfg = Release|Any CPU
		{A0FE7DE3-9598-4A9F-950A-03FBF68BBB83}.Release|Any CPU.Build.0 = Release|Any CPU
		{2518731F-4260-480B-8D56-0CAAFD877FF5}.Debug|Any CPU.ActiveCfg = Debug|Any CPU
		{2518731F-4260-480B-8D56-0CAAFD877FF5}.Debug|Any CPU.Build.0 = Debug|Any CPU
		{2518731F-4260-480B-8D56-0CAAFD877FF5}.Release|Any CPU.ActiveCfg = Release|Any CPU
		{2518731F-4260-480B-8D56-0CAAFD877FF5}.Release|Any CPU.Build.0 = Release|Any CPU
		{33CD5F8F-4125-4040-AC1E-A1F4E604871A}.Debug|Any CPU.ActiveCfg = Debug|Any CPU
		{33CD5F8F-4125-4040-AC1E-A1F4E604871A}.Debug|Any CPU.Build.0 = Debug|Any CPU
		{33CD5F8F-4125-4040-AC1E-A1F4E604871A}.Release|Any CPU.ActiveCfg = Release|Any CPU
		{33CD5F8F-4125-4040-AC1E-A1F4E604871A}.Release|Any CPU.Build.0 = Release|Any CPU
		{3FCC21A6-BBA0-4585-B9E7-1619012E1CC9}.Debug|Any CPU.ActiveCfg = Debug|Any CPU
		{3FCC21A6-BBA0-4585-B9E7-1619012E1CC9}.Debug|Any CPU.Build.0 = Debug|Any CPU
		{3FCC21A6-BBA0-4585-B9E7-1619012E1CC9}.Release|Any CPU.ActiveCfg = Release|Any CPU
		{3FCC21A6-BBA0-4585-B9E7-1619012E1CC9}.Release|Any CPU.Build.0 = Release|Any CPU
	EndGlobalSection
	GlobalSection(SolutionProperties) = preSolution
		HideSolutionNode = FALSE
	EndGlobalSection
	GlobalSection(NestedProjects) = preSolution
		{42FD23CF-9FB7-46CB-A9B5-2C8C0C41209A} = {4762AF40-31F8-4793-B1CC-1A55049925FE}
		{65EAD7B6-C234-46F1-A570-7EA88EFC72E1} = {F950E8F0-6624-4215-BBFC-AFB98BFEE4BD}
		{3F338B66-8219-4AF2-A6C9-8978E10E5E90} = {F950E8F0-6624-4215-BBFC-AFB98BFEE4BD}
		{1228B27E-A626-4332-877A-EA445258C82E} = {77BEE55B-D0D8-4653-8935-1B92AB1DEB95}
		{7C192B1A-FE51-42F7-9C6B-A73BFEAE344F} = {D35DF494-9E5B-44E5-89D0-F03D40FD6642}
		{A0FE7DE3-9598-4A9F-950A-03FBF68BBB83} = {D35DF494-9E5B-44E5-89D0-F03D40FD6642}
		{2518731F-4260-480B-8D56-0CAAFD877FF5} = {D35DF494-9E5B-44E5-89D0-F03D40FD6642}
		{33CD5F8F-4125-4040-AC1E-A1F4E604871A} = {EC8DC94A-308F-4C8E-BD25-C4497271BBC5}
		{3FCC21A6-BBA0-4585-B9E7-1619012E1CC9} = {B5189D35-DBE9-469F-9FAB-5607EB948851}
	EndGlobalSection
	GlobalSection(ExtensibilityGlobals) = postSolution
		SolutionGuid = {242F1467-D9CD-4109-9C7A-170A7210DE35}
	EndGlobalSection
EndGlobal
